
Microsoft Visual Studio Solution File, Format Version 12.00
# Visual Studio Version 16
VisualStudioVersion = 16.0.31605.320
MinimumVisualStudioVersion = 10.0.40219.1
Project("{9A19103F-16F7-4668-BE54-9A1E7A4F7556}") = "DevToys.CommandLineArgReader.Core", "DevToys.CommandLineArgReader.Core\DevToys.CommandLineArgReader.Core.csproj", "{923164D0-BA59-4B22-819A-B1EDEB627082}"
EndProject
Global
	GlobalSection(SolutionConfigurationPlatforms) = preSolution
		Debug|Any CPU = Debug|Any CPU
		Release|Any CPU = Release|Any CPU
	EndGlobalSection
	GlobalSection(ProjectConfigurationPlatforms) = postSolution
		{923164D0-BA59-4B22-819A-B1EDEB627082}.Debug|Any CPU.ActiveCfg = Debug|Any CPU
		{923164D0-BA59-4B22-819A-B1EDEB627082}.Debug|Any CPU.Build.0 = Debug|Any CPU
		{923164D0-BA59-4B22-819A-B1EDEB627082}.Release|Any CPU.ActiveCfg = Release|Any CPU
		{923164D0-BA59-4B22-819A-B1EDEB627082}.Release|Any CPU.Build.0 = Release|Any CPU
	EndGlobalSection
	GlobalSection(SolutionProperties) = preSolution
		HideSolutionNode = FALSE
	EndGlobalSection
	GlobalSection(ExtensibilityGlobals) = postSolution
		SolutionGuid = {51529E27-8197-4FAD-B97B-042AA9B53AD9}
	EndGlobalSection
EndGlobal
